
Microsoft Visual Studio Solution File, Format Version 12.00
# Visual Studio Version 16
VisualStudioVersion = 16.0.30717.126
MinimumVisualStudioVersion = 10.0.40219.1
Project("{9A19103F-16F7-4668-BE54-9A1E7A4F7556}") = "Aetherium.Console", "Aetherium.Console\Aetherium.Console.csproj", "{070464C2-84C0-4B36-92E2-5C876D00AC1D}"
EndProject
Project("{FAE04EC0-301F-11D3-BF4B-00C04F79EFBC}") = "Aetherium.Test", "Aetherium.Test\Aetherium.Test.csproj", "{0DD26083-AFB6-423F-8430-902BDED99EF7}"
EndProject
Project("{FAE04EC0-301F-11D3-BF4B-00C04F79EFBC}") = "Aetherium.Server", "Aetherium.Server\Aetherium.Server.csproj", "{29DE62F0-BDA0-4FAB-8A62-289993AEE954}"
EndProject
Project("{FAE04EC0-301F-11D3-BF4B-00C04F79EFBC}") = "Aetherium.Model", "Aetherium.Model\Aetherium.Model.csproj", "{A9612B79-7B00-4B9D-BE0C-FF68CEF71F41}"
EndProject
Project("{FAE04EC0-301F-11D3-BF4B-00C04F79EFBC}") = "WorldGenCLI", "WorldGenCLI\WorldGenCLI.csproj", "{7F6BFB5A-1C43-4A0C-9B9E-1B951F8436E9}"
EndProject
Project("{FAE04EC0-301F-11D3-BF4B-00C04F79EFBC}") = "Aetherium.Dashboard", "Aetherium.Dashboard\Aetherium.Dashboard.csproj", "{8A7C8D9E-0F1A-2B3C-4D5E-6F7A8B9C0D1E}"
EndProject
Project("{FAE04EC0-301F-11D3-BF4B-00C04F79EFBC}") = "Aetherctl.Test", "Aetherctl.Test\Aetherctl.Test.csproj", "{C6BBC44A-894F-4584-AE51-243AAD8BF759}"
EndProject
Project("{FAE04EC0-301F-11D3-BF4B-00C04F79EFBC}") = "Aetherctl", "Aetherctl\Aetherctl.csproj", "{4D6A089C-B4BE-4F27-9533-4053E0295DFD}"
EndProject
Project("{FAE04EC0-301F-11D3-BF4B-00C04F79EFBC}") = "Aetherium.Client", "Aetherium.Client\Aetherium.Client.csproj", "{14D033BD-F29C-4997-8A7F-8158062DEFA9}"
EndProject
Project("{FAE04EC0-301F-11D3-BF4B-00C04F79EFBC}") = "Aetherium.Client.Tests", "Aetherium.Client.Tests\Aetherium.Client.Tests.csproj", "{38FFE45E-D593-4D16-950B-0F1A65DB788B}"
EndProject
Global
	GlobalSection(SolutionConfigurationPlatforms) = preSolution
		Debug|Any CPU = Debug|Any CPU
		Debug|x64 = Debug|x64
		Debug|x86 = Debug|x86
		Release|Any CPU = Release|Any CPU
		Release|x64 = Release|x64
		Release|x86 = Release|x86
	EndGlobalSection
	GlobalSection(ProjectConfigurationPlatforms) = postSolution
		{070464C2-84C0-4B36-92E2-5C876D00AC1D}.Debug|Any CPU.ActiveCfg = Debug|Any CPU
		{070464C2-84C0-4B36-92E2-5C876D00AC1D}.Debug|Any CPU.Build.0 = Debug|Any CPU
		{070464C2-84C0-4B36-92E2-5C876D00AC1D}.Debug|x64.ActiveCfg = Debug|Any CPU
		{070464C2-84C0-4B36-92E2-5C876D00AC1D}.Debug|x64.Build.0 = Debug|Any CPU
		{070464C2-84C0-4B36-92E2-5C876D00AC1D}.Debug|x86.ActiveCfg = Debug|Any CPU
		{070464C2-84C0-4B36-92E2-5C876D00AC1D}.Debug|x86.Build.0 = Debug|Any CPU
		{070464C2-84C0-4B36-92E2-5C876D00AC1D}.Release|Any CPU.ActiveCfg = Release|Any CPU
		{070464C2-84C0-4B36-92E2-5C876D00AC1D}.Release|Any CPU.Build.0 = Release|Any CPU
		{070464C2-84C0-4B36-92E2-5C876D00AC1D}.Release|x64.ActiveCfg = Release|Any CPU
		{070464C2-84C0-4B36-92E2-5C876D00AC1D}.Release|x64.Build.0 = Release|Any CPU
		{070464C2-84C0-4B36-92E2-5C876D00AC1D}.Release|x86.ActiveCfg = Release|Any CPU
		{070464C2-84C0-4B36-92E2-5C876D00AC1D}.Release|x86.Build.0 = Release|Any CPU
		{0DD26083-AFB6-423F-8430-902BDED99EF7}.Debug|Any CPU.ActiveCfg = Debug|Any CPU
		{0DD26083-AFB6-423F-8430-902BDED99EF7}.Debug|Any CPU.Build.0 = Debug|Any CPU
		{0DD26083-AFB6-423F-8430-902BDED99EF7}.Debug|x64.ActiveCfg = Debug|Any CPU
		{0DD26083-AFB6-423F-8430-902BDED99EF7}.Debug|x64.Build.0 = Debug|Any CPU
		{0DD26083-AFB6-423F-8430-902BDED99EF7}.Debug|x86.ActiveCfg = Debug|Any CPU
		{0DD26083-AFB6-423F-8430-902BDED99EF7}.Debug|x86.Build.0 = Debug|Any CPU
		{0DD26083-AFB6-423F-8430-902BDED99EF7}.Release|Any CPU.ActiveCfg = Release|Any CPU
		{0DD26083-AFB6-423F-8430-902BDED99EF7}.Release|Any CPU.Build.0 = Release|Any CPU
		{0DD26083-AFB6-423F-8430-902BDED99EF7}.Release|x64.ActiveCfg = Release|Any CPU
		{0DD26083-AFB6-423F-8430-902BDED99EF7}.Release|x64.Build.0 = Release|Any CPU
		{0DD26083-AFB6-423F-8430-902BDED99EF7}.Release|x86.ActiveCfg = Release|Any CPU
		{0DD26083-AFB6-423F-8430-902BDED99EF7}.Release|x86.Build.0 = Release|Any CPU
		{29DE62F0-BDA0-4FAB-8A62-289993AEE954}.Debug|Any CPU.ActiveCfg = Debug|Any CPU
		{29DE62F0-BDA0-4FAB-8A62-289993AEE954}.Debug|Any CPU.Build.0 = Debug|Any CPU
		{29DE62F0-BDA0-4FAB-8A62-289993AEE954}.Debug|x64.ActiveCfg = Debug|Any CPU
		{29DE62F0-BDA0-4FAB-8A62-289993AEE954}.Debug|x64.Build.0 = Debug|Any CPU
		{29DE62F0-BDA0-4FAB-8A62-289993AEE954}.Debug|x86.ActiveCfg = Debug|Any CPU
		{29DE62F0-BDA0-4FAB-8A62-289993AEE954}.Debug|x86.Build.0 = Debug|Any CPU
		{29DE62F0-BDA0-4FAB-8A62-289993AEE954}.Release|Any CPU.ActiveCfg = Release|Any CPU
		{29DE62F0-BDA0-4FAB-8A62-289993AEE954}.Release|Any CPU.Build.0 = Release|Any CPU
		{29DE62F0-BDA0-4FAB-8A62-289993AEE954}.Release|x64.ActiveCfg = Release|Any CPU
		{29DE62F0-BDA0-4FAB-8A62-289993AEE954}.Release|x64.Build.0 = Release|Any CPU
		{29DE62F0-BDA0-4FAB-8A62-289993AEE954}.Release|x86.ActiveCfg = Release|Any CPU
		{29DE62F0-BDA0-4FAB-8A62-289993AEE954}.Release|x86.Build.0 = Release|Any CPU
		{A9612B79-7B00-4B9D-BE0C-FF68CEF71F41}.Debug|Any CPU.ActiveCfg = Debug|Any CPU
		{A9612B79-7B00-4B9D-BE0C-FF68CEF71F41}.Debug|Any CPU.Build.0 = Debug|Any CPU
		{A9612B79-7B00-4B9D-BE0C-FF68CEF71F41}.Debug|x64.ActiveCfg = Debug|Any CPU
		{A9612B79-7B00-4B9D-BE0C-FF68CEF71F41}.Debug|x64.Build.0 = Debug|Any CPU
		{A9612B79-7B00-4B9D-BE0C-FF68CEF71F41}.Debug|x86.ActiveCfg = Debug|Any CPU
		{A9612B79-7B00-4B9D-BE0C-FF68CEF71F41}.Debug|x86.Build.0 = Debug|Any CPU
		{A9612B79-7B00-4B9D-BE0C-FF68CEF71F41}.Release|Any CPU.ActiveCfg = Release|Any CPU
		{A9612B79-7B00-4B9D-BE0C-FF68CEF71F41}.Release|Any CPU.Build.0 = Release|Any CPU
		{A9612B79-7B00-4B9D-BE0C-FF68CEF71F41}.Release|x64.ActiveCfg = Release|Any CPU
		{A9612B79-7B00-4B9D-BE0C-FF68CEF71F41}.Release|x64.Build.0 = Release|Any CPU
		{A9612B79-7B00-4B9D-BE0C-FF68CEF71F41}.Release|x86.ActiveCfg = Release|Any CPU
		{A9612B79-7B00-4B9D-BE0C-FF68CEF71F41}.Release|x86.Build.0 = Release|Any CPU
		{7F6BFB5A-1C43-4A0C-9B9E-1B951F8436E9}.Debug|Any CPU.ActiveCfg = Debug|Any CPU
		{7F6BFB5A-1C43-4A0C-9B9E-1B951F8436E9}.Debug|Any CPU.Build.0 = Debug|Any CPU
		{7F6BFB5A-1C43-4A0C-9B9E-1B951F8436E9}.Debug|x64.ActiveCfg = Debug|Any CPU
		{7F6BFB5A-1C43-4A0C-9B9E-1B951F8436E9}.Debug|x64.Build.0 = Debug|Any CPU
		{7F6BFB5A-1C43-4A0C-9B9E-1B951F8436E9}.Debug|x86.ActiveCfg = Debug|Any CPU
		{7F6BFB5A-1C43-4A0C-9B9E-1B951F8436E9}.Debug|x86.Build.0 = Debug|Any CPU
		{7F6BFB5A-1C43-4A0C-9B9E-1B951F8436E9}.Release|Any CPU.ActiveCfg = Release|Any CPU
		{7F6BFB5A-1C43-4A0C-9B9E-1B951F8436E9}.Release|Any CPU.Build.0 = Release|Any CPU
		{7F6BFB5A-1C43-4A0C-9B9E-1B951F8436E9}.Release|x64.ActiveCfg = Release|Any CPU
		{7F6BFB5A-1C43-4A0C-9B9E-1B951F8436E9}.Release|x64.Build.0 = Release|Any CPU
		{7F6BFB5A-1C43-4A0C-9B9E-1B951F8436E9}.Release|x86.ActiveCfg = Release|Any CPU
		{7F6BFB5A-1C43-4A0C-9B9E-1B951F8436E9}.Release|x86.Build.0 = Release|Any CPU
		{8A7C8D9E-0F1A-2B3C-4D5E-6F7A8B9C0D1E}.Debug|Any CPU.ActiveCfg = Debug|Any CPU
		{8A7C8D9E-0F1A-2B3C-4D5E-6F7A8B9C0D1E}.Debug|Any CPU.Build.0 = Debug|Any CPU
		{8A7C8D9E-0F1A-2B3C-4D5E-6F7A8B9C0D1E}.Debug|x64.ActiveCfg = Debug|Any CPU
		{8A7C8D9E-0F1A-2B3C-4D5E-6F7A8B9C0D1E}.Debug|x64.Build.0 = Debug|Any CPU
		{8A7C8D9E-0F1A-2B3C-4D5E-6F7A8B9C0D1E}.Debug|x86.ActiveCfg = Debug|Any CPU
		{8A7C8D9E-0F1A-2B3C-4D5E-6F7A8B9C0D1E}.Debug|x86.Build.0 = Debug|Any CPU
		{8A7C8D9E-0F1A-2B3C-4D5E-6F7A8B9C0D1E}.Release|Any CPU.ActiveCfg = Release|Any CPU
		{8A7C8D9E-0F1A-2B3C-4D5E-6F7A8B9C0D1E}.Release|Any CPU.Build.0 = Release|Any CPU
		{8A7C8D9E-0F1A-2B3C-4D5E-6F7A8B9C0D1E}.Release|x64.ActiveCfg = Release|Any CPU
		{8A7C8D9E-0F1A-2B3C-4D5E-6F7A8B9C0D1E}.Release|x64.Build.0 = Release|Any CPU
		{8A7C8D9E-0F1A-2B3C-4D5E-6F7A8B9C0D1E}.Release|x86.ActiveCfg = Release|Any CPU
		{8A7C8D9E-0F1A-2B3C-4D5E-6F7A8B9C0D1E}.Release|x86.Build.0 = Release|Any CPU
		{C6BBC44A-894F-4584-AE51-243AAD8BF759}.Debug|Any CPU.ActiveCfg = Debug|Any CPU
		{C6BBC44A-894F-4584-AE51-243AAD8BF759}.Debug|Any CPU.Build.0 = Debug|Any CPU
		{C6BBC44A-894F-4584-AE51-243AAD8BF759}.Debug|x64.ActiveCfg = Debug|Any CPU
		{C6BBC44A-894F-4584-AE51-243AAD8BF759}.Debug|x64.Build.0 = Debug|Any CPU
		{C6BBC44A-894F-4584-AE51-243AAD8BF759}.Debug|x86.ActiveCfg = Debug|Any CPU
		{C6BBC44A-894F-4584-AE51-243AAD8BF759}.Debug|x86.Build.0 = Debug|Any CPU
		{C6BBC44A-894F-4584-AE51-243AAD8BF759}.Release|Any CPU.ActiveCfg = Release|Any CPU
		{C6BBC44A-894F-4584-AE51-243AAD8BF759}.Release|Any CPU.Build.0 = Release|Any CPU
		{C6BBC44A-894F-4584-AE51-243AAD8BF759}.Release|x64.ActiveCfg = Release|Any CPU
		{C6BBC44A-894F-4584-AE51-243AAD8BF759}.Release|x64.Build.0 = Release|Any CPU
		{C6BBC44A-894F-4584-AE51-243AAD8BF759}.Release|x86.ActiveCfg = Release|Any CPU
		{C6BBC44A-894F-4584-AE51-243AAD8BF759}.Release|x86.Build.0 = Release|Any CPU
		{4D6A089C-B4BE-4F27-9533-4053E0295DFD}.Debug|Any CPU.ActiveCfg = Debug|Any CPU
		{4D6A089C-B4BE-4F27-9533-4053E0295DFD}.Debug|Any CPU.Build.0 = Debug|Any CPU
		{4D6A089C-B4BE-4F27-9533-4053E0295DFD}.Debug|x64.ActiveCfg = Debug|Any CPU
		{4D6A089C-B4BE-4F27-9533-4053E0295DFD}.Debug|x64.Build.0 = Debug|Any CPU
		{4D6A089C-B4BE-4F27-9533-4053E0295DFD}.Debug|x86.ActiveCfg = Debug|Any CPU
		{4D6A089C-B4BE-4F27-9533-4053E0295DFD}.Debug|x86.Build.0 = Debug|Any CPU
		{4D6A089C-B4BE-4F27-9533-4053E0295DFD}.Release|Any CPU.ActiveCfg = Release|Any CPU
		{4D6A089C-B4BE-4F27-9533-4053E0295DFD}.Release|Any CPU.Build.0 = Release|Any CPU
		{4D6A089C-B4BE-4F27-9533-4053E0295DFD}.Release|x64.ActiveCfg = Release|Any CPU
		{4D6A089C-B4BE-4F27-9533-4053E0295DFD}.Release|x64.Build.0 = Release|Any CPU
		{4D6A089C-B4BE-4F27-9533-4053E0295DFD}.Release|x86.ActiveCfg = Release|Any CPU
		{4D6A089C-B4BE-4F27-9533-4053E0295DFD}.Release|x86.Build.0 = Release|Any CPU
		{14D033BD-F29C-4997-8A7F-8158062DEFA9}.Debug|Any CPU.ActiveCfg = Debug|Any CPU
		{14D033BD-F29C-4997-8A7F-8158062DEFA9}.Debug|Any CPU.Build.0 = Debug|Any CPU
		{14D033BD-F29C-4997-8A7F-8158062DEFA9}.Debug|x64.ActiveCfg = Debug|Any CPU
		{14D033BD-F29C-4997-8A7F-8158062DEFA9}.Debug|x64.Build.0 = Debug|Any CPU
		{14D033BD-F29C-4997-8A7F-8158062DEFA9}.Debug|x86.ActiveCfg = Debug|Any CPU
		{14D033BD-F29C-4997-8A7F-8158062DEFA9}.Debug|x86.Build.0 = Debug|Any CPU
		{14D033BD-F29C-4997-8A7F-8158062DEFA9}.Release|Any CPU.ActiveCfg = Release|Any CPU
		{14D033BD-F29C-4997-8A7F-8158062DEFA9}.Release|Any CPU.Build.0 = Release|Any CPU
		{14D033BD-F29C-4997-8A7F-8158062DEFA9}.Release|x64.ActiveCfg = Release|Any CPU
		{14D033BD-F29C-4997-8A7F-8158062DEFA9}.Release|x64.Build.0 = Release|Any CPU
		{14D033BD-F29C-4997-8A7F-8158062DEFA9}.Release|x86.ActiveCfg = Release|Any CPU
		{14D033BD-F29C-4997-8A7F-8158062DEFA9}.Release|x86.Build.0 = Release|Any CPU
		{38FFE45E-D593-4D16-950B-0F1A65DB788B}.Debug|Any CPU.ActiveCfg = Debug|Any CPU
		{38FFE45E-D593-4D16-950B-0F1A65DB788B}.Debug|Any CPU.Build.0 = Debug|Any CPU
		{38FFE45E-D593-4D16-950B-0F1A65DB788B}.Debug|x64.ActiveCfg = Debug|Any CPU
		{38FFE45E-D593-4D16-950B-0F1A65DB788B}.Debug|x64.Build.0 = Debug|Any CPU
		{38FFE45E-D593-4D16-950B-0F1A65DB788B}.Debug|x86.ActiveCfg = Debug|Any CPU
		{38FFE45E-D593-4D16-950B-0F1A65DB788B}.Debug|x86.Build.0 = Debug|Any CPU
		{38FFE45E-D593-4D16-950B-0F1A65DB788B}.Release|Any CPU.ActiveCfg = Release|Any CPU
		{38FFE45E-D593-4D16-950B-0F1A65DB788B}.Release|Any CPU.Build.0 = Release|Any CPU
		{38FFE45E-D593-4D16-950B-0F1A65DB788B}.Release|x64.ActiveCfg = Release|Any CPU
		{38FFE45E-D593-4D16-950B-0F1A65DB788B}.Release|x64.Build.0 = Release|Any CPU
		{38FFE45E-D593-4D16-950B-0F1A65DB788B}.Release|x86.ActiveCfg = Release|Any CPU
		{38FFE45E-D593-4D16-950B-0F1A65DB788B}.Release|x86.Build.0 = Release|Any CPU
	EndGlobalSection
	GlobalSection(SolutionProperties) = preSolution
		HideSolutionNode = FALSE
	EndGlobalSection
	GlobalSection(ExtensibilityGlobals) = postSolution
		SolutionGuid = {F8D63F66-47FE-461D-BF49-9F0E5036E4FA}
	EndGlobalSection
EndGlobal
